
Microsoft Visual Studio Solution File, Format Version 12.00
# Visual Studio Version 17
VisualStudioVersion = 17.0.31903.59
MinimumVisualStudioVersion = 10.0.40219.1
Project("{FAE04EC0-301F-11D3-BF4B-00C04F79EFBC}") = "breakfast", "breakfast.csproj", "{52FC1670-A5F2-40C6-A7BF-2E227650AF91}"
EndProject
Global
	GlobalSection(SolutionConfigurationPlatforms) = preSolution
		Debug|Any CPU = Debug|Any CPU
		Release|Any CPU = Release|Any CPU
	EndGlobalSection
	GlobalSection(ProjectConfigurationPlatforms) = postSolution
		{52FC1670-A5F2-40C6-A7BF-2E227650AF91}.Debug|Any CPU.ActiveCfg = Debug|Any CPU
		{52FC1670-A5F2-40C6-A7BF-2E227650AF91}.Debug|Any CPU.Build.0 = Debug|Any CPU
		{52FC1670-A5F2-40C6-A7BF-2E227650AF91}.Release|Any CPU.ActiveCfg = Release|Any CPU
		{52FC1670-A5F2-40C6-A7BF-2E227650AF91}.Release|Any CPU.Build.0 = Release|Any CPU
	EndGlobalSection
	GlobalSection(SolutionProperties) = preSolution
		HideSolutionNode = FALSE
	EndGlobalSection
	GlobalSection(ExtensibilityGlobals) = postSolution
		SolutionGuid = {1473359A-0DC9-4F42-B68A-C9908E8C7F54}
	EndGlobalSection
EndGlobal
